
Microsoft Visual Studio Solution File, Format Version 12.00
# Visual Studio Version 17
VisualStudioVersion = 17.9.34728.123
MinimumVisualStudioVersion = 10.0.40219.1
Project("{9A19103F-16F7-4668-BE54-9A1E7A4F7556}") = "PatovyPotize", "PatovyPotize\PatovyPotize.csproj", "{97DD4738-0D15-48E7-943E-69C1C0F107EE}"
EndProject
Project("{FAE04EC0-301F-11D3-BF4B-00C04F79EFBC}") = "PatovyPotizeTests", "PatovyPotizeTests\PatovyPotizeTests.csproj", "{A9DF15E2-DB41-46D4-B2BC-8A623D732EF2}"
EndProject
Global
	GlobalSection(SolutionConfigurationPlatforms) = preSolution
		Debug|Any CPU = Debug|Any CPU
		Release|Any CPU = Release|Any CPU
	EndGlobalSection
	GlobalSection(ProjectConfigurationPlatforms) = postSolution
		{97DD4738-0D15-48E7-943E-69C1C0F107EE}.Debug|Any CPU.ActiveCfg = Debug|Any CPU
		{97DD4738-0D15-48E7-943E-69C1C0F107EE}.Debug|Any CPU.Build.0 = Debug|Any CPU
		{97DD4738-0D15-48E7-943E-69C1C0F107EE}.Release|Any CPU.ActiveCfg = Release|Any CPU
		{97DD4738-0D15-48E7-943E-69C1C0F107EE}.Release|Any CPU.Build.0 = Release|Any CPU
		{A9DF15E2-DB41-46D4-B2BC-8A623D732EF2}.Debug|Any CPU.ActiveCfg = Debug|Any CPU
		{A9DF15E2-DB41-46D4-B2BC-8A623D732EF2}.Debug|Any CPU.Build.0 = Debug|Any CPU
		{A9DF15E2-DB41-46D4-B2BC-8A623D732EF2}.Release|Any CPU.ActiveCfg = Release|Any CPU
		{A9DF15E2-DB41-46D4-B2BC-8A623D732EF2}.Release|Any CPU.Build.0 = Release|Any CPU
	EndGlobalSection
	GlobalSection(SolutionProperties) = preSolution
		HideSolutionNode = FALSE
	EndGlobalSection
	GlobalSection(ExtensibilityGlobals) = postSolution
		SolutionGuid = {F5E1D371-53BF-424C-AA42-45F61D2A554D}
	EndGlobalSection
EndGlobal
