
Microsoft Visual Studio Solution File, Format Version 12.00
# Visual Studio Version 17
VisualStudioVersion = 17.9.34728.123
MinimumVisualStudioVersion = 10.0.40219.1
Project("{FAE04EC0-301F-11D3-BF4B-00C04F79EFBC}") = "Ponozky", "Ponozky\Ponozky.csproj", "{75FA3E8D-DCD3-43DF-A91A-D42EB8D3003C}"
EndProject
Project("{FAE04EC0-301F-11D3-BF4B-00C04F79EFBC}") = "PonozkyTests", "PonozkyTests\PonozkyTests.csproj", "{69AC284A-28B1-4BFE-82CE-AB00BABB7D53}"
EndProject
Global
	GlobalSection(SolutionConfigurationPlatforms) = preSolution
		Debug|Any CPU = Debug|Any CPU
		Release|Any CPU = Release|Any CPU
	EndGlobalSection
	GlobalSection(ProjectConfigurationPlatforms) = postSolution
		{75FA3E8D-DCD3-43DF-A91A-D42EB8D3003C}.Debug|Any CPU.ActiveCfg = Debug|Any CPU
		{75FA3E8D-DCD3-43DF-A91A-D42EB8D3003C}.Debug|Any CPU.Build.0 = Debug|Any CPU
		{75FA3E8D-DCD3-43DF-A91A-D42EB8D3003C}.Release|Any CPU.ActiveCfg = Release|Any CPU
		{75FA3E8D-DCD3-43DF-A91A-D42EB8D3003C}.Release|Any CPU.Build.0 = Release|Any CPU
		{69AC284A-28B1-4BFE-82CE-AB00BABB7D53}.Debug|Any CPU.ActiveCfg = Debug|Any CPU
		{69AC284A-28B1-4BFE-82CE-AB00BABB7D53}.Debug|Any CPU.Build.0 = Debug|Any CPU
		{69AC284A-28B1-4BFE-82CE-AB00BABB7D53}.Release|Any CPU.ActiveCfg = Release|Any CPU
		{69AC284A-28B1-4BFE-82CE-AB00BABB7D53}.Release|Any CPU.Build.0 = Release|Any CPU
	EndGlobalSection
	GlobalSection(SolutionProperties) = preSolution
		HideSolutionNode = FALSE
	EndGlobalSection
	GlobalSection(ExtensibilityGlobals) = postSolution
		SolutionGuid = {1D1E0D48-F123-40C2-ADD6-C068609A4FB2}
	EndGlobalSection
EndGlobal
