
Microsoft Visual Studio Solution File, Format Version 12.00
# Visual Studio Version 17
VisualStudioVersion = 17.6.33829.357
MinimumVisualStudioVersion = 10.0.40219.1
Project("{9A19103F-16F7-4668-BE54-9A1E7A4F7556}") = "WordCounter", "WordCounter\WordCounter.csproj", "{4536D0C5-A38D-4D9B-8700-45C5E0014EFB}"
EndProject
Project("{FAE04EC0-301F-11D3-BF4B-00C04F79EFBC}") = "WordCounterTests", "WordCounterTests\WordCounterTests.csproj", "{1E6FADDA-9F46-455C-A171-306BD00D9EE8}"
EndProject
Global
	GlobalSection(SolutionConfigurationPlatforms) = preSolution
		Debug|Any CPU = Debug|Any CPU
		Release|Any CPU = Release|Any CPU
	EndGlobalSection
	GlobalSection(ProjectConfigurationPlatforms) = postSolution
		{4536D0C5-A38D-4D9B-8700-45C5E0014EFB}.Debug|Any CPU.ActiveCfg = Debug|Any CPU
		{4536D0C5-A38D-4D9B-8700-45C5E0014EFB}.Debug|Any CPU.Build.0 = Debug|Any CPU
		{4536D0C5-A38D-4D9B-8700-45C5E0014EFB}.Release|Any CPU.ActiveCfg = Release|Any CPU
		{4536D0C5-A38D-4D9B-8700-45C5E0014EFB}.Release|Any CPU.Build.0 = Release|Any CPU
		{1E6FADDA-9F46-455C-A171-306BD00D9EE8}.Debug|Any CPU.ActiveCfg = Debug|Any CPU
		{1E6FADDA-9F46-455C-A171-306BD00D9EE8}.Debug|Any CPU.Build.0 = Debug|Any CPU
		{1E6FADDA-9F46-455C-A171-306BD00D9EE8}.Release|Any CPU.ActiveCfg = Release|Any CPU
		{1E6FADDA-9F46-455C-A171-306BD00D9EE8}.Release|Any CPU.Build.0 = Release|Any CPU
	EndGlobalSection
	GlobalSection(SolutionProperties) = preSolution
		HideSolutionNode = FALSE
	EndGlobalSection
	GlobalSection(ExtensibilityGlobals) = postSolution
		SolutionGuid = {7A223650-0E3B-404A-89D6-507747149940}
	EndGlobalSection
EndGlobal
