
Microsoft Visual Studio Solution File, Format Version 12.00
# Visual Studio Version 17
VisualStudioVersion = 17.9.34728.123
MinimumVisualStudioVersion = 10.0.40219.1
Project("{FAE04EC0-301F-11D3-BF4B-00C04F79EFBC}") = "SecondLargest", "SecondLargest\SecondLargest.csproj", "{29751A35-3C3B-4A47-B5DC-18FF180DDA9C}"
EndProject
Project("{FAE04EC0-301F-11D3-BF4B-00C04F79EFBC}") = "Tests", "Tests\Tests.csproj", "{760AC620-273B-4662-9049-5E46A77CADC7}"
EndProject
Global
	GlobalSection(SolutionConfigurationPlatforms) = preSolution
		Debug|Any CPU = Debug|Any CPU
		Release|Any CPU = Release|Any CPU
	EndGlobalSection
	GlobalSection(ProjectConfigurationPlatforms) = postSolution
		{29751A35-3C3B-4A47-B5DC-18FF180DDA9C}.Debug|Any CPU.ActiveCfg = Debug|Any CPU
		{29751A35-3C3B-4A47-B5DC-18FF180DDA9C}.Debug|Any CPU.Build.0 = Debug|Any CPU
		{29751A35-3C3B-4A47-B5DC-18FF180DDA9C}.Release|Any CPU.ActiveCfg = Release|Any CPU
		{29751A35-3C3B-4A47-B5DC-18FF180DDA9C}.Release|Any CPU.Build.0 = Release|Any CPU
		{760AC620-273B-4662-9049-5E46A77CADC7}.Debug|Any CPU.ActiveCfg = Debug|Any CPU
		{760AC620-273B-4662-9049-5E46A77CADC7}.Debug|Any CPU.Build.0 = Debug|Any CPU
		{760AC620-273B-4662-9049-5E46A77CADC7}.Release|Any CPU.ActiveCfg = Release|Any CPU
		{760AC620-273B-4662-9049-5E46A77CADC7}.Release|Any CPU.Build.0 = Release|Any CPU
	EndGlobalSection
	GlobalSection(SolutionProperties) = preSolution
		HideSolutionNode = FALSE
	EndGlobalSection
	GlobalSection(ExtensibilityGlobals) = postSolution
		SolutionGuid = {B5D8C6D9-DF5A-4D85-A8FB-49AF807D96F6}
	EndGlobalSection
EndGlobal
