
Microsoft Visual Studio Solution File, Format Version 12.00
# Visual Studio Version 17
VisualStudioVersion = 17.6.33829.357
MinimumVisualStudioVersion = 10.0.40219.1
Project("{FAE04EC0-301F-11D3-BF4B-00C04F79EFBC}") = "EmptyProgram", "EmptyProgram\EmptyProgram.csproj", "{6F8821D6-D867-4F74-9C92-114C50D2CE9B}"
EndProject
Global
	GlobalSection(SolutionConfigurationPlatforms) = preSolution
		Debug|Any CPU = Debug|Any CPU
		Release|Any CPU = Release|Any CPU
	EndGlobalSection
	GlobalSection(ProjectConfigurationPlatforms) = postSolution
		{6F8821D6-D867-4F74-9C92-114C50D2CE9B}.Debug|Any CPU.ActiveCfg = Debug|Any CPU
		{6F8821D6-D867-4F74-9C92-114C50D2CE9B}.Debug|Any CPU.Build.0 = Debug|Any CPU
		{6F8821D6-D867-4F74-9C92-114C50D2CE9B}.Release|Any CPU.ActiveCfg = Release|Any CPU
		{6F8821D6-D867-4F74-9C92-114C50D2CE9B}.Release|Any CPU.Build.0 = Release|Any CPU
	EndGlobalSection
	GlobalSection(SolutionProperties) = preSolution
		HideSolutionNode = FALSE
	EndGlobalSection
	GlobalSection(ExtensibilityGlobals) = postSolution
		SolutionGuid = {A68B0F2D-4B3A-4222-9AFA-FF2917F48DD0}
	EndGlobalSection
EndGlobal
